
Microsoft Visual Studio Solution File, Format Version 12.00
# Visual Studio 15
VisualStudioVersion = 15.0.28307.902
MinimumVisualStudioVersion = 10.0.40219.1
Project("{FAE04EC0-301F-11D3-BF4B-00C04F79EFBC}") = "WebCCValidator", "WebCCValidator\WebCCValidator.csproj", "{054042FB-84F1-4C80-BE0E-52F25DCB92ED}"
EndProject
Global
	GlobalSection(SolutionConfigurationPlatforms) = preSolution
		Debug|Any CPU = Debug|Any CPU
		Release|Any CPU = Release|Any CPU
	EndGlobalSection
	GlobalSection(ProjectConfigurationPlatforms) = postSolution
		{054042FB-84F1-4C80-BE0E-52F25DCB92ED}.Debug|Any CPU.ActiveCfg = Debug|Any CPU
		{054042FB-84F1-4C80-BE0E-52F25DCB92ED}.Debug|Any CPU.Build.0 = Debug|Any CPU
		{054042FB-84F1-4C80-BE0E-52F25DCB92ED}.Release|Any CPU.ActiveCfg = Release|Any CPU
		{054042FB-84F1-4C80-BE0E-52F25DCB92ED}.Release|Any CPU.Build.0 = Release|Any CPU
	EndGlobalSection
	GlobalSection(SolutionProperties) = preSolution
		HideSolutionNode = FALSE
	EndGlobalSection
	GlobalSection(ExtensibilityGlobals) = postSolution
		SolutionGuid = {65E12859-774D-4C3D-84C7-BD717D27BB1B}
	EndGlobalSection
EndGlobal
